// !$*UTF8*$!
{
	archiveVersion = 1;
	classes = {
	};
	objectVersion = 55;
	objects = {

/* Begin PBXBuildFile section */
		AFABB37927FD0A3000F77BD1 /* HAL_9000App.swift in Sources */ = {isa = PBXBuildFile; fileRef = AFABB36927FD0A2B00F77BD1 /* HAL_9000App.swift */; };
		AFABB37A27FD0A3000F77BD1 /* HAL_9000App.swift in Sources */ = {isa = PBXBuildFile; fileRef = AFABB36927FD0A2B00F77BD1 /* HAL_9000App.swift */; };
		AFABB37B27FD0A3000F77BD1 /* ContentView.swift in Sources */ = {isa = PBXBuildFile; fileRef = AFABB36A27FD0A2B00F77BD1 /* ContentView.swift */; };
		AFABB37C27FD0A3000F77BD1 /* ContentView.swift in Sources */ = {isa = PBXBuildFile; fileRef = AFABB36A27FD0A2B00F77BD1 /* ContentView.swift */; };
		AFABB37D27FD0A3000F77BD1 /* Assets.xcassets in Resources */ = {isa = PBXBuildFile; fileRef = AFABB36B27FD0A3000F77BD1 /* Assets.xcassets */; };
		AFABB37E27FD0A3000F77BD1 /* Assets.xcassets in Resources */ = {isa = PBXBuildFile; fileRef = AFABB36B27FD0A3000F77BD1 /* Assets.xcassets */; };
		AFABB38927FD0AA800F77BD1 /* ServerTypes.swift in Sources */ = {isa = PBXBuildFile; fileRef = AFABB38827FD0AA800F77BD1 /* ServerTypes.swift */; };
		AFABB38B27FD0C8300F77BD1 /* HAL9000.swift in Sources */ = {isa = PBXBuildFile; fileRef = AFABB38A27FD0C8300F77BD1 /* HAL9000.swift */; };
		AFABB38C27FD141D00F77BD1 /* HAL9000.swift in Sources */ = {isa = PBXBuildFile; fileRef = AFABB38A27FD0C8300F77BD1 /* HAL9000.swift */; };
		AFABB38D27FD142000F77BD1 /* ServerTypes.swift in Sources */ = {isa = PBXBuildFile; fileRef = AFABB38827FD0AA800F77BD1 /* ServerTypes.swift */; };
		AFABB38F27FD1E2900F77BD1 /* ChatBubble.swift in Sources */ = {isa = PBXBuildFile; fileRef = AFABB38E27FD1E2900F77BD1 /* ChatBubble.swift */; };
		AFABB39127FD239500F77BD1 /* CustomScrollView.swift in Sources */ = {isa = PBXBuildFile; fileRef = AFABB39027FD239500F77BD1 /* CustomScrollView.swift */; };
		AFABB39327FD243200F77BD1 /* Chat.swift in Sources */ = {isa = PBXBuildFile; fileRef = AFABB39227FD243200F77BD1 /* Chat.swift */; };
		AFABB39727FDC45200F77BD1 /* Login.swift in Sources */ = {isa = PBXBuildFile; fileRef = AFABB39627FDC45200F77BD1 /* Login.swift */; };
		AFABB39827FDD41C00F77BD1 /* Chat.swift in Sources */ = {isa = PBXBuildFile; fileRef = AFABB39227FD243200F77BD1 /* Chat.swift */; };
		AFABB39927FDD41F00F77BD1 /* Login.swift in Sources */ = {isa = PBXBuildFile; fileRef = AFABB39627FDC45200F77BD1 /* Login.swift */; };
		AFABB39A27FDD42900F77BD1 /* ChatBubble.swift in Sources */ = {isa = PBXBuildFile; fileRef = AFABB38E27FD1E2900F77BD1 /* ChatBubble.swift */; };
		AFABB39B27FDD42C00F77BD1 /* CustomScrollView.swift in Sources */ = {isa = PBXBuildFile; fileRef = AFABB39027FD239500F77BD1 /* CustomScrollView.swift */; };
		AFABB39D27FDD6D100F77BD1 /* Jura-VariableFont_wght.ttf in Resources */ = {isa = PBXBuildFile; fileRef = AFABB39C27FDD6D100F77BD1 /* Jura-VariableFont_wght.ttf */; };
		AFABB39E27FDD6D100F77BD1 /* Jura-VariableFont_wght.ttf in Resources */ = {isa = PBXBuildFile; fileRef = AFABB39C27FDD6D100F77BD1 /* Jura-VariableFont_wght.ttf */; };
		AFABB3A027FDD73100F77BD1 /* Styles.swift in Sources */ = {isa = PBXBuildFile; fileRef = AFABB39F27FDD73100F77BD1 /* Styles.swift */; };
		AFABB3A127FDD73100F77BD1 /* Styles.swift in Sources */ = {isa = PBXBuildFile; fileRef = AFABB39F27FDD73100F77BD1 /* Styles.swift */; };
		AFABB3A327FDE1FC00F77BD1 /* ErrorPopup.swift in Sources */ = {isa = PBXBuildFile; fileRef = AFABB3A227FDE1FC00F77BD1 /* ErrorPopup.swift */; };
		AFABB3A427FDE1FC00F77BD1 /* ErrorPopup.swift in Sources */ = {isa = PBXBuildFile; fileRef = AFABB3A227FDE1FC00F77BD1 /* ErrorPopup.swift */; };
		AFABB3AC27FE736400F77BD1 /* HAL-9000--macOS--Info.plist in Resources */ = {isa = PBXBuildFile; fileRef = AFABB3AB27FE736400F77BD1 /* HAL-9000--macOS--Info.plist */; };
/* End PBXBuildFile section */

/* Begin PBXFileReference section */
		AFABB36927FD0A2B00F77BD1 /* HAL_9000App.swift */ = {isa = PBXFileReference; lastKnownFileType = sourcecode.swift; path = HAL_9000App.swift; sourceTree = "<group>"; };
		AFABB36A27FD0A2B00F77BD1 /* ContentView.swift */ = {isa = PBXFileReference; lastKnownFileType = sourcecode.swift; path = ContentView.swift; sourceTree = "<group>"; };
		AFABB36B27FD0A3000F77BD1 /* Assets.xcassets */ = {isa = PBXFileReference; lastKnownFileType = folder.assetcatalog; path = Assets.xcassets; sourceTree = "<group>"; };
		AFABB37027FD0A3000F77BD1 /* HAL 9000.app */ = {isa = PBXFileReference; explicitFileType = wrapper.application; includeInIndex = 0; path = "HAL 9000.app"; sourceTree = BUILT_PRODUCTS_DIR; };
		AFABB37627FD0A3000F77BD1 /* HAL 9000.app */ = {isa = PBXFileReference; explicitFileType = wrapper.application; includeInIndex = 0; path = "HAL 9000.app"; sourceTree = BUILT_PRODUCTS_DIR; };
		AFABB37827FD0A3000F77BD1 /* macOS.entitlements */ = {isa = PBXFileReference; lastKnownFileType = text.plist.entitlements; path = macOS.entitlements; sourceTree = "<group>"; };
		AFABB38827FD0AA800F77BD1 /* ServerTypes.swift */ = {isa = PBXFileReference; lastKnownFileType = sourcecode.swift; path = ServerTypes.swift; sourceTree = "<group>"; };
		AFABB38A27FD0C8300F77BD1 /* HAL9000.swift */ = {isa = PBXFileReference; lastKnownFileType = sourcecode.swift; path = HAL9000.swift; sourceTree = "<group>"; };
		AFABB38E27FD1E2900F77BD1 /* ChatBubble.swift */ = {isa = PBXFileReference; lastKnownFileType = sourcecode.swift; path = ChatBubble.swift; sourceTree = "<group>"; };
		AFABB39027FD239500F77BD1 /* CustomScrollView.swift */ = {isa = PBXFileReference; lastKnownFileType = sourcecode.swift; path = CustomScrollView.swift; sourceTree = "<group>"; };
		AFABB39227FD243200F77BD1 /* Chat.swift */ = {isa = PBXFileReference; lastKnownFileType = sourcecode.swift; path = Chat.swift; sourceTree = "<group>"; };
		AFABB39627FDC45200F77BD1 /* Login.swift */ = {isa = PBXFileReference; lastKnownFileType = sourcecode.swift; path = Login.swift; sourceTree = "<group>"; };
		AFABB39C27FDD6D100F77BD1 /* Jura-VariableFont_wght.ttf */ = {isa = PBXFileReference; lastKnownFileType = file; path = "Jura-VariableFont_wght.ttf"; sourceTree = "<group>"; };
		AFABB39F27FDD73100F77BD1 /* Styles.swift */ = {isa = PBXFileReference; lastKnownFileType = sourcecode.swift; path = Styles.swift; sourceTree = "<group>"; };
		AFABB3A227FDE1FC00F77BD1 /* ErrorPopup.swift */ = {isa = PBXFileReference; lastKnownFileType = sourcecode.swift; path = ErrorPopup.swift; sourceTree = "<group>"; };
		AFABB3AB27FE736400F77BD1 /* HAL-9000--macOS--Info.plist */ = {isa = PBXFileReference; lastKnownFileType = text.plist; path = "HAL-9000--macOS--Info.plist"; sourceTree = SOURCE_ROOT; };
/* End PBXFileReference section */

/* Begin PBXFrameworksBuildPhase section */
		AFABB36D27FD0A3000F77BD1 /* Frameworks */ = {
			isa = PBXFrameworksBuildPhase;
			buildActionMask = 2147483647;
			files = (
			);
			runOnlyForDeploymentPostprocessing = 0;
		};
		AFABB37327FD0A3000F77BD1 /* Frameworks */ = {
			isa = PBXFrameworksBuildPhase;
			buildActionMask = 2147483647;
			files = (
			);
			runOnlyForDeploymentPostprocessing = 0;
		};
/* End PBXFrameworksBuildPhase section */

/* Begin PBXGroup section */
		AFABB36327FD0A2B00F77BD1 = {
			isa = PBXGroup;
			children = (
				AFABB36827FD0A2B00F77BD1 /* Shared */,
				AFABB37727FD0A3000F77BD1 /* macOS */,
				AFABB37127FD0A3000F77BD1 /* Products */,
			);
			sourceTree = "<group>";
		};
		AFABB36827FD0A2B00F77BD1 /* Shared */ = {
			isa = PBXGroup;
			children = (
				AFABB39C27FDD6D100F77BD1 /* Jura-VariableFont_wght.ttf */,
				AFABB38727FD0A4900F77BD1 /* Models */,
				AFABB36927FD0A2B00F77BD1 /* HAL_9000App.swift */,
				AFABB36A27FD0A2B00F77BD1 /* ContentView.swift */,
				AFABB36B27FD0A3000F77BD1 /* Assets.xcassets */,
				AFABB38E27FD1E2900F77BD1 /* ChatBubble.swift */,
				AFABB39027FD239500F77BD1 /* CustomScrollView.swift */,
				AFABB39227FD243200F77BD1 /* Chat.swift */,
				AFABB39627FDC45200F77BD1 /* Login.swift */,
				AFABB39F27FDD73100F77BD1 /* Styles.swift */,
				AFABB3A227FDE1FC00F77BD1 /* ErrorPopup.swift */,
			);
			path = Shared;
			sourceTree = "<group>";
		};
		AFABB37127FD0A3000F77BD1 /* Products */ = {
			isa = PBXGroup;
			children = (
				AFABB37027FD0A3000F77BD1 /* HAL 9000.app */,
				AFABB37627FD0A3000F77BD1 /* HAL 9000.app */,
			);
			name = Products;
			sourceTree = "<group>";
		};
		AFABB37727FD0A3000F77BD1 /* macOS */ = {
			isa = PBXGroup;
			children = (
				AFABB3AB27FE736400F77BD1 /* HAL-9000--macOS--Info.plist */,
				AFABB37827FD0A3000F77BD1 /* macOS.entitlements */,
			);
			path = macOS;
			sourceTree = "<group>";
		};
		AFABB38727FD0A4900F77BD1 /* Models */ = {
			isa = PBXGroup;
			children = (
				AFABB38827FD0AA800F77BD1 /* ServerTypes.swift */,
				AFABB38A27FD0C8300F77BD1 /* HAL9000.swift */,
			);
			path = Models;
			sourceTree = "<group>";
		};
/* End PBXGroup section */

/* Begin PBXNativeTarget section */
		AFABB36F27FD0A3000F77BD1 /* HAL 9000 (iOS) */ = {
			isa = PBXNativeTarget;
			buildConfigurationList = AFABB38127FD0A3000F77BD1 /* Build configuration list for PBXNativeTarget "HAL 9000 (iOS)" */;
			buildPhases = (
				AFABB36C27FD0A3000F77BD1 /* Sources */,
				AFABB36D27FD0A3000F77BD1 /* Frameworks */,
				AFABB36E27FD0A3000F77BD1 /* Resources */,
			);
			buildRules = (
			);
			dependencies = (
			);
			name = "HAL 9000 (iOS)";
			productName = "HAL 9000 (iOS)";
			productReference = AFABB37027FD0A3000F77BD1 /* HAL 9000.app */;
			productType = "com.apple.product-type.application";
		};
		AFABB37527FD0A3000F77BD1 /* HAL 9000 (macOS) */ = {
			isa = PBXNativeTarget;
			buildConfigurationList = AFABB38427FD0A3000F77BD1 /* Build configuration list for PBXNativeTarget "HAL 9000 (macOS)" */;
			buildPhases = (
				AFABB37227FD0A3000F77BD1 /* Sources */,
				AFABB37327FD0A3000F77BD1 /* Frameworks */,
				AFABB37427FD0A3000F77BD1 /* Resources */,
			);
			buildRules = (
			);
			dependencies = (
			);
			name = "HAL 9000 (macOS)";
			productName = "HAL 9000 (macOS)";
			productReference = AFABB37627FD0A3000F77BD1 /* HAL 9000.app */;
			productType = "com.apple.product-type.application";
		};
/* End PBXNativeTarget section */

/* Begin PBXProject section */
		AFABB36427FD0A2B00F77BD1 /* Project object */ = {
			isa = PBXProject;
			attributes = {
				BuildIndependentTargetsInParallel = 1;
				LastSwiftUpdateCheck = 1330;
				LastUpgradeCheck = 1330;
				TargetAttributes = {
					AFABB36F27FD0A3000F77BD1 = {
						CreatedOnToolsVersion = 13.3;
					};
					AFABB37527FD0A3000F77BD1 = {
						CreatedOnToolsVersion = 13.3;
					};
				};
			};
			buildConfigurationList = AFABB36727FD0A2B00F77BD1 /* Build configuration list for PBXProject "HAL 9000" */;
			compatibilityVersion = "Xcode 13.0";
			developmentRegion = en;
			hasScannedForEncodings = 0;
			knownRegions = (
				en,
				Base,
			);
			mainGroup = AFABB36327FD0A2B00F77BD1;
			productRefGroup = AFABB37127FD0A3000F77BD1 /* Products */;
			projectDirPath = "";
			projectRoot = "";
			targets = (
				AFABB36F27FD0A3000F77BD1 /* HAL 9000 (iOS) */,
				AFABB37527FD0A3000F77BD1 /* HAL 9000 (macOS) */,
			);
		};
/* End PBXProject section */

/* Begin PBXResourcesBuildPhase section */
		AFABB36E27FD0A3000F77BD1 /* Resources */ = {
			isa = PBXResourcesBuildPhase;
			buildActionMask = 2147483647;
			files = (
				AFABB37D27FD0A3000F77BD1 /* Assets.xcassets in Resources */,
				AFABB39D27FDD6D100F77BD1 /* Jura-VariableFont_wght.ttf in Resources */,
			);
			runOnlyForDeploymentPostprocessing = 0;
		};
		AFABB37427FD0A3000F77BD1 /* Resources */ = {
			isa = PBXResourcesBuildPhase;
			buildActionMask = 2147483647;
			files = (
				AFABB37E27FD0A3000F77BD1 /* Assets.xcassets in Resources */,
				AFABB39E27FDD6D100F77BD1 /* Jura-VariableFont_wght.ttf in Resources */,
				AFABB3AC27FE736400F77BD1 /* HAL-9000--macOS--Info.plist in Resources */,
			);
			runOnlyForDeploymentPostprocessing = 0;
		};
/* End PBXResourcesBuildPhase section */

/* Begin PBXSourcesBuildPhase section */
		AFABB36C27FD0A3000F77BD1 /* Sources */ = {
			isa = PBXSourcesBuildPhase;
			buildActionMask = 2147483647;
			files = (
				AFABB3A027FDD73100F77BD1 /* Styles.swift in Sources */,
				AFABB37B27FD0A3000F77BD1 /* ContentView.swift in Sources */,
				AFABB39727FDC45200F77BD1 /* Login.swift in Sources */,
				AFABB38F27FD1E2900F77BD1 /* ChatBubble.swift in Sources */,
				AFABB39327FD243200F77BD1 /* Chat.swift in Sources */,
				AFABB3A327FDE1FC00F77BD1 /* ErrorPopup.swift in Sources */,
				AFABB39127FD239500F77BD1 /* CustomScrollView.swift in Sources */,
				AFABB37927FD0A3000F77BD1 /* HAL_9000App.swift in Sources */,
				AFABB38B27FD0C8300F77BD1 /* HAL9000.swift in Sources */,
				AFABB38927FD0AA800F77BD1 /* ServerTypes.swift in Sources */,
			);
			runOnlyForDeploymentPostprocessing = 0;
		};
		AFABB37227FD0A3000F77BD1 /* Sources */ = {
			isa = PBXSourcesBuildPhase;
			buildActionMask = 2147483647;
			files = (
				AFABB3A127FDD73100F77BD1 /* Styles.swift in Sources */,
				AFABB37C27FD0A3000F77BD1 /* ContentView.swift in Sources */,
				AFABB38C27FD141D00F77BD1 /* HAL9000.swift in Sources */,
				AFABB37A27FD0A3000F77BD1 /* HAL_9000App.swift in Sources */,
				AFABB39927FDD41F00F77BD1 /* Login.swift in Sources */,
				AFABB3A427FDE1FC00F77BD1 /* ErrorPopup.swift in Sources */,
				AFABB39827FDD41C00F77BD1 /* Chat.swift in Sources */,
				AFABB38D27FD142000F77BD1 /* ServerTypes.swift in Sources */,
				AFABB39B27FDD42C00F77BD1 /* CustomScrollView.swift in Sources */,
				AFABB39A27FDD42900F77BD1 /* ChatBubble.swift in Sources */,
			);
			runOnlyForDeploymentPostprocessing = 0;
		};
/* End PBXSourcesBuildPhase section */

/* Begin XCBuildConfiguration section */
		AFABB37F27FD0A3000F77BD1 /* Debug */ = {
			isa = XCBuildConfiguration;
			buildSettings = {
				ALWAYS_SEARCH_USER_PATHS = NO;
				CLANG_ANALYZER_NONNULL = YES;
				CLANG_ANALYZER_NUMBER_OBJECT_CONVERSION = YES_AGGRESSIVE;
				CLANG_CXX_LANGUAGE_STANDARD = "gnu++17";
				CLANG_ENABLE_MODULES = YES;
				CLANG_ENABLE_OBJC_ARC = YES;
				CLANG_ENABLE_OBJC_WEAK = YES;
				CLANG_WARN_BLOCK_CAPTURE_AUTORELEASING = YES;
				CLANG_WARN_BOOL_CONVERSION = YES;
				CLANG_WARN_COMMA = YES;
				CLANG_WARN_CONSTANT_CONVERSION = YES;
				CLANG_WARN_DEPRECATED_OBJC_IMPLEMENTATIONS = YES;
				CLANG_WARN_DIRECT_OBJC_ISA_USAGE = YES_ERROR;
				CLANG_WARN_DOCUMENTATION_COMMENTS = YES;
				CLANG_WARN_EMPTY_BODY = YES;
				CLANG_WARN_ENUM_CONVERSION = YES;
				CLANG_WARN_INFINITE_RECURSION = YES;
				CLANG_WARN_INT_CONVERSION = YES;
				CLANG_WARN_NON_LITERAL_NULL_CONVERSION = YES;
				CLANG_WARN_OBJC_IMPLICIT_RETAIN_SELF = YES;
				CLANG_WARN_OBJC_LITERAL_CONVERSION = YES;
				CLANG_WARN_OBJC_ROOT_CLASS = YES_ERROR;
				CLANG_WARN_QUOTED_INCLUDE_IN_FRAMEWORK_HEADER = YES;
				CLANG_WARN_RANGE_LOOP_ANALYSIS = YES;
				CLANG_WARN_STRICT_PROTOTYPES = YES;
				CLANG_WARN_SUSPICIOUS_MOVE = YES;
				CLANG_WARN_UNGUARDED_AVAILABILITY = YES_AGGRESSIVE;
				CLANG_WARN_UNREACHABLE_CODE = YES;
				CLANG_WARN__DUPLICATE_METHOD_MATCH = YES;
				COPY_PHASE_STRIP = NO;
				DEBUG_INFORMATION_FORMAT = dwarf;
				ENABLE_STRICT_OBJC_MSGSEND = YES;
				ENABLE_TESTABILITY = YES;
				GCC_C_LANGUAGE_STANDARD = gnu11;
				GCC_DYNAMIC_NO_PIC = NO;
				GCC_NO_COMMON_BLOCKS = YES;
				GCC_OPTIMIZATION_LEVEL = 0;
				GCC_PREPROCESSOR_DEFINITIONS = (
					"DEBUG=1",
					"$(inherited)",
				);
				GCC_WARN_64_TO_32_BIT_CONVERSION = YES;
				GCC_WARN_ABOUT_RETURN_TYPE = YES_ERROR;
				GCC_WARN_UNDECLARED_SELECTOR = YES;
				GCC_WARN_UNINITIALIZED_AUTOS = YES_AGGRESSIVE;
				GCC_WARN_UNUSED_FUNCTION = YES;
				GCC_WARN_UNUSED_VARIABLE = YES;
				MTL_ENABLE_DEBUG_INFO = INCLUDE_SOURCE;
				MTL_FAST_MATH = YES;
				ONLY_ACTIVE_ARCH = YES;
				SWIFT_ACTIVE_COMPILATION_CONDITIONS = DEBUG;
				SWIFT_OPTIMIZATION_LEVEL = "-Onone";
			};
			name = Debug;
		};
		AFABB38027FD0A3000F77BD1 /* Release */ = {
			isa = XCBuildConfiguration;
			buildSettings = {
				ALWAYS_SEARCH_USER_PATHS = NO;
				CLANG_ANALYZER_NONNULL = YES;
				CLANG_ANALYZER_NUMBER_OBJECT_CONVERSION = YES_AGGRESSIVE;
				CLANG_CXX_LANGUAGE_STANDARD = "gnu++17";
				CLANG_ENABLE_MODULES = YES;
				CLANG_ENABLE_OBJC_ARC = YES;
				CLANG_ENABLE_OBJC_WEAK = YES;
				CLANG_WARN_BLOCK_CAPTURE_AUTORELEASING = YES;
				CLANG_WARN_BOOL_CONVERSION = YES;
				CLANG_WARN_COMMA = YES;
				CLANG_WARN_CONSTANT_CONVERSION = YES;
				CLANG_WARN_DEPRECATED_OBJC_IMPLEMENTATIONS = YES;
				CLANG_WARN_DIRECT_OBJC_ISA_USAGE = YES_ERROR;
				CLANG_WARN_DOCUMENTATION_COMMENTS = YES;
				CLANG_WARN_EMPTY_BODY = YES;
				CLANG_WARN_ENUM_CONVERSION = YES;
				CLANG_WARN_INFINITE_RECURSION = YES;
				CLANG_WARN_INT_CONVERSION = YES;
				CLANG_WARN_NON_LITERAL_NULL_CONVERSION = YES;
				CLANG_WARN_OBJC_IMPLICIT_RETAIN_SELF = YES;
				CLANG_WARN_OBJC_LITERAL_CONVERSION = YES;
				CLANG_WARN_OBJC_ROOT_CLASS = YES_ERROR;
				CLANG_WARN_QUOTED_INCLUDE_IN_FRAMEWORK_HEADER = YES;
				CLANG_WARN_RANGE_LOOP_ANALYSIS = YES;
				CLANG_WARN_STRICT_PROTOTYPES = YES;
				CLANG_WARN_SUSPICIOUS_MOVE = YES;
				CLANG_WARN_UNGUARDED_AVAILABILITY = YES_AGGRESSIVE;
				CLANG_WARN_UNREACHABLE_CODE = YES;
				CLANG_WARN__DUPLICATE_METHOD_MATCH = YES;
				COPY_PHASE_STRIP = NO;
				DEBUG_INFORMATION_FORMAT = "dwarf-with-dsym";
				ENABLE_NS_ASSERTIONS = NO;
				ENABLE_STRICT_OBJC_MSGSEND = YES;
				GCC_C_LANGUAGE_STANDARD = gnu11;
				GCC_NO_COMMON_BLOCKS = YES;
				GCC_WARN_64_TO_32_BIT_CONVERSION = YES;
				GCC_WARN_ABOUT_RETURN_TYPE = YES_ERROR;
				GCC_WARN_UNDECLARED_SELECTOR = YES;
				GCC_WARN_UNINITIALIZED_AUTOS = YES_AGGRESSIVE;
				GCC_WARN_UNUSED_FUNCTION = YES;
				GCC_WARN_UNUSED_VARIABLE = YES;
				MTL_ENABLE_DEBUG_INFO = NO;
				MTL_FAST_MATH = YES;
				SWIFT_COMPILATION_MODE = wholemodule;
				SWIFT_OPTIMIZATION_LEVEL = "-O";
			};
			name = Release;
		};
		AFABB38227FD0A3000F77BD1 /* Debug */ = {
			isa = XCBuildConfiguration;
			buildSettings = {
				ASSETCATALOG_COMPILER_APPICON_NAME = AppIcon;
				ASSETCATALOG_COMPILER_GLOBAL_ACCENT_COLOR_NAME = AccentColor;
				CODE_SIGN_STYLE = Automatic;
				CURRENT_PROJECT_VERSION = 1;
				DEVELOPMENT_TEAM = R76229ZJ5F;
				ENABLE_PREVIEWS = YES;
				GENERATE_INFOPLIST_FILE = YES;
				INFOPLIST_FILE = "HAL-9000--iOS--Info.plist";
				INFOPLIST_KEY_NSLocationWhenInUseUsageDescription = "Message location source";
				INFOPLIST_KEY_UIApplicationSceneManifest_Generation = YES;
				INFOPLIST_KEY_UIApplicationSupportsIndirectInputEvents = YES;
				INFOPLIST_KEY_UILaunchScreen_Generation = YES;
				INFOPLIST_KEY_UISupportedInterfaceOrientations_iPad = "UIInterfaceOrientationPortrait UIInterfaceOrientationPortraitUpsideDown UIInterfaceOrientationLandscapeLeft UIInterfaceOrientationLandscapeRight";
				INFOPLIST_KEY_UISupportedInterfaceOrientations_iPhone = "UIInterfaceOrientationPortrait UIInterfaceOrientationLandscapeLeft UIInterfaceOrientationLandscapeRight";
				IPHONEOS_DEPLOYMENT_TARGET = 15.3;
				LD_RUNPATH_SEARCH_PATHS = (
					"$(inherited)",
					"@executable_path/Frameworks",
				);
				MARKETING_VERSION = 1.0;
				PRODUCT_BUNDLE_IDENTIFIER = "com.johnjonesfour.HAL-9000";
				PRODUCT_NAME = "HAL 9000";
				SDKROOT = iphoneos;
				SWIFT_EMIT_LOC_STRINGS = YES;
				SWIFT_VERSION = 5.0;
				TARGETED_DEVICE_FAMILY = "1,2";
			};
			name = Debug;
		};
		AFABB38327FD0A3000F77BD1 /* Release */ = {
			isa = XCBuildConfiguration;
			buildSettings = {
				ASSETCATALOG_COMPILER_APPICON_NAME = AppIcon;
				ASSETCATALOG_COMPILER_GLOBAL_ACCENT_COLOR_NAME = AccentColor;
				CODE_SIGN_STYLE = Automatic;
				CURRENT_PROJECT_VERSION = 1;
				DEVELOPMENT_TEAM = R76229ZJ5F;
				ENABLE_PREVIEWS = YES;
				GENERATE_INFOPLIST_FILE = YES;
				INFOPLIST_FILE = "HAL-9000--iOS--Info.plist";
				INFOPLIST_KEY_NSLocationWhenInUseUsageDescription = "Message location source";
				INFOPLIST_KEY_UIApplicationSceneManifest_Generation = YES;
				INFOPLIST_KEY_UIApplicationSupportsIndirectInputEvents = YES;
				INFOPLIST_KEY_UILaunchScreen_Generation = YES;
				INFOPLIST_KEY_UISupportedInterfaceOrientations_iPad = "UIInterfaceOrientationPortrait UIInterfaceOrientationPortraitUpsideDown UIInterfaceOrientationLandscapeLeft UIInterfaceOrientationLandscapeRight";
				INFOPLIST_KEY_UISupportedInterfaceOrientations_iPhone = "UIInterfaceOrientationPortrait UIInterfaceOrientationLandscapeLeft UIInterfaceOrientationLandscapeRight";
				IPHONEOS_DEPLOYMENT_TARGET = 15.3;
				LD_RUNPATH_SEARCH_PATHS = (
					"$(inherited)",
					"@executable_path/Frameworks",
				);
				MARKETING_VERSION = 1.0;
				PRODUCT_BUNDLE_IDENTIFIER = "com.johnjonesfour.HAL-9000";
				PRODUCT_NAME = "HAL 9000";
				SDKROOT = iphoneos;
				SWIFT_EMIT_LOC_STRINGS = YES;
				SWIFT_VERSION = 5.0;
				TARGETED_DEVICE_FAMILY = "1,2";
				VALIDATE_PRODUCT = YES;
			};
			name = Release;
		};
		AFABB38527FD0A3000F77BD1 /* Debug */ = {
			isa = XCBuildConfiguration;
			buildSettings = {
				ASSETCATALOG_COMPILER_APPICON_NAME = AppIcon;
				ASSETCATALOG_COMPILER_GLOBAL_ACCENT_COLOR_NAME = AccentColor;
				CODE_SIGN_ENTITLEMENTS = macOS/macOS.entitlements;
				CODE_SIGN_STYLE = Automatic;
				COMBINE_HIDPI_IMAGES = YES;
				CURRENT_PROJECT_VERSION = 1;
				DEVELOPMENT_TEAM = R76229ZJ5F;
				ENABLE_HARDENED_RUNTIME = YES;
				ENABLE_PREVIEWS = YES;
				GENERATE_INFOPLIST_FILE = YES;
				INFOPLIST_FILE = "HAL-9000--macOS--Info.plist";
				INFOPLIST_KEY_NSHumanReadableCopyright = "";
				LD_RUNPATH_SEARCH_PATHS = (
					"$(inherited)",
					"@executable_path/../Frameworks",
				);
				MACOSX_DEPLOYMENT_TARGET = 12.3;
				MARKETING_VERSION = 1.0;
				PRODUCT_BUNDLE_IDENTIFIER = "com.johnjonesfour.HAL-9000";
				PRODUCT_NAME = "HAL 9000";
				SDKROOT = macosx;
				SWIFT_EMIT_LOC_STRINGS = YES;
				SWIFT_VERSION = 5.0;
			};
			name = Debug;
		};
		AFABB38627FD0A3000F77BD1 /* Release */ = {
			isa = XCBuildConfiguration;
			buildSettings = {
				ASSETCATALOG_COMPILER_APPICON_NAME = AppIcon;
				ASSETCATALOG_COMPILER_GLOBAL_ACCENT_COLOR_NAME = AccentColor;
				CODE_SIGN_ENTITLEMENTS = macOS/macOS.entitlements;
				CODE_SIGN_STYLE = Automatic;
				COMBINE_HIDPI_IMAGES = YES;
				CURRENT_PROJECT_VERSION = 1;
				DEVELOPMENT_TEAM = R76229ZJ5F;
				ENABLE_HARDENED_RUNTIME = YES;
				ENABLE_PREVIEWS = YES;
				GENERATE_INFOPLIST_FILE = YES;
				INFOPLIST_FILE = "HAL-9000--macOS--Info.plist";
				INFOPLIST_KEY_NSHumanReadableCopyright = "";
				LD_RUNPATH_SEARCH_PATHS = (
					"$(inherited)",
					"@executable_path/../Frameworks",
				);
				MACOSX_DEPLOYMENT_TARGET = 12.3;
				MARKETING_VERSION = 1.0;
				PRODUCT_BUNDLE_IDENTIFIER = "com.johnjonesfour.HAL-9000";
				PRODUCT_NAME = "HAL 9000";
				SDKROOT = macosx;
				SWIFT_EMIT_LOC_STRINGS = YES;
				SWIFT_VERSION = 5.0;
			};
			name = Release;
		};
/* End XCBuildConfiguration section */

/* Begin XCConfigurationList section */
		AFABB36727FD0A2B00F77BD1 /* Build configuration list for PBXProject "HAL 9000" */ = {
			isa = XCConfigurationList;
			buildConfigurations = (
				AFABB37F27FD0A3000F77BD1 /* Debug */,
				AFABB38027FD0A3000F77BD1 /* Release */,
			);
			defaultConfigurationIsVisible = 0;
			defaultConfigurationName = Release;
		};
		AFABB38127FD0A3000F77BD1 /* Build configuration list for PBXNativeTarget "HAL 9000 (iOS)" */ = {
			isa = XCConfigurationList;
			buildConfigurations = (
				AFABB38227FD0A3000F77BD1 /* Debug */,
				AFABB38327FD0A3000F77BD1 /* Release */,
			);
			defaultConfigurationIsVisible = 0;
			defaultConfigurationName = Release;
		};
		AFABB38427FD0A3000F77BD1 /* Build configuration list for PBXNativeTarget "HAL 9000 (macOS)" */ = {
			isa = XCConfigurationList;
			buildConfigurations = (
				AFABB38527FD0A3000F77BD1 /* Debug */,
				AFABB38627FD0A3000F77BD1 /* Release */,
			);
			defaultConfigurationIsVisible = 0;
			defaultConfigurationName = Release;
		};
/* End XCConfigurationList section */
	};
	rootObject = AFABB36427FD0A2B00F77BD1 /* Project object */;
}
